// !$*UTF8*$!
{
	archiveVersion = 1;
	classes = {
	};
	objectVersion = 55;
	objects = {

/* Begin PBXBuildFile section */
		A44DD14A27C4D7230039DC4C /* AppDelegate.swift in Sources */ = {isa = PBXBuildFile; fileRef = A44DD14927C4D7230039DC4C /* AppDelegate.swift */; };
		A44DD14C27C4D7230039DC4C /* SceneDelegate.swift in Sources */ = {isa = PBXBuildFile; fileRef = A44DD14B27C4D7230039DC4C /* SceneDelegate.swift */; };
		A44DD14E27C4D7230039DC4C /* ViewController.swift in Sources */ = {isa = PBXBuildFile; fileRef = A44DD14D27C4D7230039DC4C /* ViewController.swift */; };
		A44DD15127C4D7230039DC4C /* Main.storyboard in Resources */ = {isa = PBXBuildFile; fileRef = A44DD14F27C4D7230039DC4C /* Main.storyboard */; };
		A44DD15327C4D7240039DC4C /* Assets.xcassets in Resources */ = {isa = PBXBuildFile; fileRef = A44DD15227C4D7240039DC4C /* Assets.xcassets */; };
		A44DD15627C4D7240039DC4C /* LaunchScreen.storyboard in Resources */ = {isa = PBXBuildFile; fileRef = A44DD15427C4D7240039DC4C /* LaunchScreen.storyboard */; };
		A47F8BD727CBBD6900FB1856 /* TekCiftViewController.swift in Sources */ = {isa = PBXBuildFile; fileRef = A47F8BD627CBBD6900FB1856 /* TekCiftViewController.swift */; };
		A47F8BD927CBE3B400FB1856 /* MaxViewController.swift in Sources */ = {isa = PBXBuildFile; fileRef = A47F8BD827CBE3B400FB1856 /* MaxViewController.swift */; };
		A47F8BDB27CBECB500FB1856 /* LoginViewController.swift in Sources */ = {isa = PBXBuildFile; fileRef = A47F8BDA27CBECB500FB1856 /* LoginViewController.swift */; };
		A47F8BDD27CBEFEF00FB1856 /* WelcomeViewController.swift in Sources */ = {isa = PBXBuildFile; fileRef = A47F8BDC27CBEFEF00FB1856 /* WelcomeViewController.swift */; };
/* End PBXBuildFile section */

/* Begin PBXFileReference section */
		A44DD14627C4D7230039DC4C /* TurkizFirstApp.app */ = {isa = PBXFileReference; explicitFileType = wrapper.application; includeInIndex = 0; path = TurkizFirstApp.app; sourceTree = BUILT_PRODUCTS_DIR; };
		A44DD14927C4D7230039DC4C /* AppDelegate.swift */ = {isa = PBXFileReference; lastKnownFileType = sourcecode.swift; path = AppDelegate.swift; sourceTree = "<group>"; };
		A44DD14B27C4D7230039DC4C /* SceneDelegate.swift */ = {isa = PBXFileReference; lastKnownFileType = sourcecode.swift; path = SceneDelegate.swift; sourceTree = "<group>"; };
		A44DD14D27C4D7230039DC4C /* ViewController.swift */ = {isa = PBXFileReference; lastKnownFileType = sourcecode.swift; path = ViewController.swift; sourceTree = "<group>"; };
		A44DD15027C4D7230039DC4C /* Base */ = {isa = PBXFileReference; lastKnownFileType = file.storyboard; name = Base; path = Base.lproj/Main.storyboard; sourceTree = "<group>"; };
		A44DD15227C4D7240039DC4C /* Assets.xcassets */ = {isa = PBXFileReference; lastKnownFileType = folder.assetcatalog; path = Assets.xcassets; sourceTree = "<group>"; };
		A44DD15527C4D7240039DC4C /* Base */ = {isa = PBXFileReference; lastKnownFileType = file.storyboard; name = Base; path = Base.lproj/LaunchScreen.storyboard; sourceTree = "<group>"; };
		A44DD15727C4D7240039DC4C /* Info.plist */ = {isa = PBXFileReference; lastKnownFileType = text.plist.xml; path = Info.plist; sourceTree = "<group>"; };
		A47F8BD627CBBD6900FB1856 /* TekCiftViewController.swift */ = {isa = PBXFileReference; lastKnownFileType = sourcecode.swift; path = TekCiftViewController.swift; sourceTree = "<group>"; };
		A47F8BD827CBE3B400FB1856 /* MaxViewController.swift */ = {isa = PBXFileReference; lastKnownFileType = sourcecode.swift; path = MaxViewController.swift; sourceTree = "<group>"; };
		A47F8BDA27CBECB500FB1856 /* LoginViewController.swift */ = {isa = PBXFileReference; lastKnownFileType = sourcecode.swift; path = LoginViewController.swift; sourceTree = "<group>"; };
		A47F8BDC27CBEFEF00FB1856 /* WelcomeViewController.swift */ = {isa = PBXFileReference; lastKnownFileType = sourcecode.swift; path = WelcomeViewController.swift; sourceTree = "<group>"; };
/* End PBXFileReference section */

/* Begin PBXFrameworksBuildPhase section */
		A44DD14327C4D7230039DC4C /* Frameworks */ = {
			isa = PBXFrameworksBuildPhase;
			buildActionMask = 2147483647;
			files = (
			);
			runOnlyForDeploymentPostprocessing = 0;
		};
/* End PBXFrameworksBuildPhase section */

/* Begin PBXGroup section */
		A44DD13D27C4D7230039DC4C = {
			isa = PBXGroup;
			children = (
				A44DD14827C4D7230039DC4C /* TurkizFirstApp */,
				A44DD14727C4D7230039DC4C /* Products */,
			);
			sourceTree = "<group>";
		};
		A44DD14727C4D7230039DC4C /* Products */ = {
			isa = PBXGroup;
			children = (
				A44DD14627C4D7230039DC4C /* TurkizFirstApp.app */,
			);
			name = Products;
			sourceTree = "<group>";
		};
		A44DD14827C4D7230039DC4C /* TurkizFirstApp */ = {
			isa = PBXGroup;
			children = (
				A44DD14927C4D7230039DC4C /* AppDelegate.swift */,
				A44DD14B27C4D7230039DC4C /* SceneDelegate.swift */,
				A44DD14D27C4D7230039DC4C /* ViewController.swift */,
				A47F8BD627CBBD6900FB1856 /* TekCiftViewController.swift */,
				A47F8BD827CBE3B400FB1856 /* MaxViewController.swift */,
				A47F8BDA27CBECB500FB1856 /* LoginViewController.swift */,
				A47F8BDC27CBEFEF00FB1856 /* WelcomeViewController.swift */,
				A44DD14F27C4D7230039DC4C /* Main.storyboard */,
				A44DD15227C4D7240039DC4C /* Assets.xcassets */,
				A44DD15427C4D7240039DC4C /* LaunchScreen.storyboard */,
				A44DD15727C4D7240039DC4C /* Info.plist */,
			);
			path = TurkizFirstApp;
			sourceTree = "<group>";
		};
/* End PBXGroup section */

/* Begin PBXNativeTarget section */
		A44DD14527C4D7230039DC4C /* TurkizFirstApp */ = {
			isa = PBXNativeTarget;
			buildConfigurationList = A44DD15A27C4D7240039DC4C /* Build configuration list for PBXNativeTarget "TurkizFirstApp" */;
			buildPhases = (
				A44DD14227C4D7230039DC4C /* Sources */,
				A44DD14327C4D7230039DC4C /* Frameworks */,
				A44DD14427C4D7230039DC4C /* Resources */,
			);
			buildRules = (
			);
			dependencies = (
			);
			name = TurkizFirstApp;
			productName = TurkizFirstApp;
			productReference = A44DD14627C4D7230039DC4C /* TurkizFirstApp.app */;
			productType = "com.apple.product-type.application";
		};
/* End PBXNativeTarget section */

/* Begin PBXProject section */
		A44DD13E27C4D7230039DC4C /* Project object */ = {
			isa = PBXProject;
			attributes = {
				BuildIndependentTargetsInParallel = 1;
				LastSwiftUpdateCheck = 1320;
				LastUpgradeCheck = 1320;
				TargetAttributes = {
					A44DD14527C4D7230039DC4C = {
						CreatedOnToolsVersion = 13.2.1;
					};
				};
			};
			buildConfigurationList = A44DD14127C4D7230039DC4C /* Build configuration list for PBXProject "TurkizFirstApp" */;
			compatibilityVersion = "Xcode 13.0";
			developmentRegion = en;
			hasScannedForEncodings = 0;
			knownRegions = (
				en,
				Base,
			);
			mainGroup = A44DD13D27C4D7230039DC4C;
			productRefGroup = A44DD14727C4D7230039DC4C /* Products */;
			projectDirPath = "";
			projectRoot = "";
			targets = (
				A44DD14527C4D7230039DC4C /* TurkizFirstApp */,
			);
		};
/* End PBXProject section */

/* Begin PBXResourcesBuildPhase section */
		A44DD14427C4D7230039DC4C /* Resources */ = {
			isa = PBXResourcesBuildPhase;
			buildActionMask = 2147483647;
			files = (
				A44DD15627C4D7240039DC4C /* LaunchScreen.storyboard in Resources */,
				A44DD15327C4D7240039DC4C /* Assets.xcassets in Resources */,
				A44DD15127C4D7230039DC4C /* Main.storyboard in Resources */,
			);
			runOnlyForDeploymentPostprocessing = 0;
		};
/* End PBXResourcesBuildPhase section */

/* Begin PBXSourcesBuildPhase section */
		A44DD14227C4D7230039DC4C /* Sources */ = {
			isa = PBXSourcesBuildPhase;
			buildActionMask = 2147483647;
			files = (
				A47F8BDB27CBECB500FB1856 /* LoginViewController.swift in Sources */,
				A44DD14E27C4D7230039DC4C /* ViewController.swift in Sources */,
				A44DD14A27C4D7230039DC4C /* AppDelegate.swift in Sources */,
				A44DD14C27C4D7230039DC4C /* SceneDelegate.swift in Sources */,
				A47F8BD727CBBD6900FB1856 /* TekCiftViewController.swift in Sources */,
				A47F8BD927CBE3B400FB1856 /* MaxViewController.swift in Sources */,
				A47F8BDD27CBEFEF00FB1856 /* WelcomeViewController.swift in Sources */,
			);
			runOnlyForDeploymentPostprocessing = 0;
		};
/* End PBXSourcesBuildPhase section */

/* Begin PBXVariantGroup section */
		A44DD14F27C4D7230039DC4C /* Main.storyboard */ = {
			isa = PBXVariantGroup;
			children = (
				A44DD15027C4D7230039DC4C /* Base */,
			);
			name = Main.storyboard;
			sourceTree = "<group>";
		};
		A44DD15427C4D7240039DC4C /* LaunchScreen.storyboard */ = {
			isa = PBXVariantGroup;
			children = (
				A44DD15527C4D7240039DC4C /* Base */,
			);
			name = LaunchScreen.storyboard;
			sourceTree = "<group>";
		};
/* End PBXVariantGroup section */

/* Begin XCBuildConfiguration section */
		A44DD15827C4D7240039DC4C /* Debug */ = {
			isa = XCBuildConfiguration;
			buildSettings = {
				ALWAYS_SEARCH_USER_PATHS = NO;
				CLANG_ANALYZER_NONNULL = YES;
				CLANG_ANALYZER_NUMBER_OBJECT_CONVERSION = YES_AGGRESSIVE;
				CLANG_CXX_LANGUAGE_STANDARD = "gnu++17";
				CLANG_CXX_LIBRARY = "libc++";
				CLANG_ENABLE_MODULES = YES;
				CLANG_ENABLE_OBJC_ARC = YES;
				CLANG_ENABLE_OBJC_WEAK = YES;
				CLANG_WARN_BLOCK_CAPTURE_AUTORELEASING = YES;
				CLANG_WARN_BOOL_CONVERSION = YES;
				CLANG_WARN_COMMA = YES;
				CLANG_WARN_CONSTANT_CONVERSION = YES;
				CLANG_WARN_DEPRECATED_OBJC_IMPLEMENTATIONS = YES;
				CLANG_WARN_DIRECT_OBJC_ISA_USAGE = YES_ERROR;
				CLANG_WARN_DOCUMENTATION_COMMENTS = YES;
				CLANG_WARN_EMPTY_BODY = YES;
				CLANG_WARN_ENUM_CONVERSION = YES;
				CLANG_WARN_INFINITE_RECURSION = YES;
				CLANG_WARN_INT_CONVERSION = YES;
				CLANG_WARN_NON_LITERAL_NULL_CONVERSION = YES;
				CLANG_WARN_OBJC_IMPLICIT_RETAIN_SELF = YES;
				CLANG_WARN_OBJC_LITERAL_CONVERSION = YES;
				CLANG_WARN_OBJC_ROOT_CLASS = YES_ERROR;
				CLANG_WARN_QUOTED_INCLUDE_IN_FRAMEWORK_HEADER = YES;
				CLANG_WARN_RANGE_LOOP_ANALYSIS = YES;
				CLANG_WARN_STRICT_PROTOTYPES = YES;
				CLANG_WARN_SUSPICIOUS_MOVE = YES;
				CLANG_WARN_UNGUARDED_AVAILABILITY = YES_AGGRESSIVE;
				CLANG_WARN_UNREACHABLE_CODE = YES;
				CLANG_WARN__DUPLICATE_METHOD_MATCH = YES;
				COPY_PHASE_STRIP = NO;
				DEBUG_INFORMATION_FORMAT = dwarf;
				ENABLE_STRICT_OBJC_MSGSEND = YES;
				ENABLE_TESTABILITY = YES;
				GCC_C_LANGUAGE_STANDARD = gnu11;
				GCC_DYNAMIC_NO_PIC = NO;
				GCC_NO_COMMON_BLOCKS = YES;
				GCC_OPTIMIZATION_LEVEL = 0;
				GCC_PREPROCESSOR_DEFINITIONS = (
					"DEBUG=1",
					"$(inherited)",
				);
				GCC_WARN_64_TO_32_BIT_CONVERSION = YES;
				GCC_WARN_ABOUT_RETURN_TYPE = YES_ERROR;
				GCC_WARN_UNDECLARED_SELECTOR = YES;
				GCC_WARN_UNINITIALIZED_AUTOS = YES_AGGRESSIVE;
				GCC_WARN_UNUSED_FUNCTION = YES;
				GCC_WARN_UNUSED_VARIABLE = YES;
				IPHONEOS_DEPLOYMENT_TARGET = 15.2;
				MTL_ENABLE_DEBUG_INFO = INCLUDE_SOURCE;
				MTL_FAST_MATH = YES;
				ONLY_ACTIVE_ARCH = YES;
				SDKROOT = iphoneos;
				SWIFT_ACTIVE_COMPILATION_CONDITIONS = DEBUG;
				SWIFT_OPTIMIZATION_LEVEL = "-Onone";
			};
			name = Debug;
		};
		A44DD15927C4D7240039DC4C /* Release */ = {
			isa = XCBuildConfiguration;
			buildSettings = {
				ALWAYS_SEARCH_USER_PATHS = NO;
				CLANG_ANALYZER_NONNULL = YES;
				CLANG_ANALYZER_NUMBER_OBJECT_CONVERSION = YES_AGGRESSIVE;
				CLANG_CXX_LANGUAGE_STANDARD = "gnu++17";
				CLANG_CXX_LIBRARY = "libc++";
				CLANG_ENABLE_MODULES = YES;
				CLANG_ENABLE_OBJC_ARC = YES;
				CLANG_ENABLE_OBJC_WEAK = YES;
				CLANG_WARN_BLOCK_CAPTURE_AUTORELEASING = YES;
				CLANG_WARN_BOOL_CONVERSION = YES;
				CLANG_WARN_COMMA = YES;
				CLANG_WARN_CONSTANT_CONVERSION = YES;
				CLANG_WARN_DEPRECATED_OBJC_IMPLEMENTATIONS = YES;
				CLANG_WARN_DIRECT_OBJC_ISA_USAGE = YES_ERROR;
				CLANG_WARN_DOCUMENTATION_COMMENTS = YES;
				CLANG_WARN_EMPTY_BODY = YES;
				CLANG_WARN_ENUM_CONVERSION = YES;
				CLANG_WARN_INFINITE_RECURSION = YES;
				CLANG_WARN_INT_CONVERSION = YES;
				CLANG_WARN_NON_LITERAL_NULL_CONVERSION = YES;
				CLANG_WARN_OBJC_IMPLICIT_RETAIN_SELF = YES;
				CLANG_WARN_OBJC_LITERAL_CONVERSION = YES;
				CLANG_WARN_OBJC_ROOT_CLASS = YES_ERROR;
				CLANG_WARN_QUOTED_INCLUDE_IN_FRAMEWORK_HEADER = YES;
				CLANG_WARN_RANGE_LOOP_ANALYSIS = YES;
				CLANG_WARN_STRICT_PROTOTYPES = YES;
				CLANG_WARN_SUSPICIOUS_MOVE = YES;
				CLANG_WARN_UNGUARDED_AVAILABILITY = YES_AGGRESSIVE;
				CLANG_WARN_UNREACHABLE_CODE = YES;
				CLANG_WARN__DUPLICATE_METHOD_MATCH = YES;
				COPY_PHASE_STRIP = NO;
				DEBUG_INFORMATION_FORMAT = "dwarf-with-dsym";
				ENABLE_NS_ASSERTIONS = NO;
				ENABLE_STRICT_OBJC_MSGSEND = YES;
				GCC_C_LANGUAGE_STANDARD = gnu11;
				GCC_NO_COMMON_BLOCKS = YES;
				GCC_WARN_64_TO_32_BIT_CONVERSION = YES;
				GCC_WARN_ABOUT_RETURN_TYPE = YES_ERROR;
				GCC_WARN_UNDECLARED_SELECTOR = YES;
				GCC_WARN_UNINITIALIZED_AUTOS = YES_AGGRESSIVE;
				GCC_WARN_UNUSED_FUNCTION = YES;
				GCC_WARN_UNUSED_VARIABLE = YES;
				IPHONEOS_DEPLOYMENT_TARGET = 15.2;
				MTL_ENABLE_DEBUG_INFO = NO;
				MTL_FAST_MATH = YES;
				SDKROOT = iphoneos;
				SWIFT_COMPILATION_MODE = wholemodule;
				SWIFT_OPTIMIZATION_LEVEL = "-O";
				VALIDATE_PRODUCT = YES;
			};
			name = Release;
		};
		A44DD15B27C4D7240039DC4C /* Debug */ = {
			isa = XCBuildConfiguration;
			buildSettings = {
				ASSETCATALOG_COMPILER_APPICON_NAME = AppIcon;
				ASSETCATALOG_COMPILER_GLOBAL_ACCENT_COLOR_NAME = AccentColor;
				CODE_SIGN_STYLE = Automatic;
				CURRENT_PROJECT_VERSION = 1;
				GENERATE_INFOPLIST_FILE = YES;
				INFOPLIST_FILE = TurkizFirstApp/Info.plist;
				INFOPLIST_KEY_UIApplicationSupportsIndirectInputEvents = YES;
				INFOPLIST_KEY_UILaunchStoryboardName = LaunchScreen;
				INFOPLIST_KEY_UIMainStoryboardFile = Main;
				INFOPLIST_KEY_UISupportedInterfaceOrientations_iPad = "UIInterfaceOrientationPortrait UIInterfaceOrientationPortraitUpsideDown UIInterfaceOrientationLandscapeLeft UIInterfaceOrientationLandscapeRight";
				INFOPLIST_KEY_UISupportedInterfaceOrientations_iPhone = "UIInterfaceOrientationPortrait UIInterfaceOrientationLandscapeLeft UIInterfaceOrientationLandscapeRight";
				LD_RUNPATH_SEARCH_PATHS = (
					"$(inherited)",
					"@executable_path/Frameworks",
				);
				MARKETING_VERSION = 1.0;
				PRODUCT_BUNDLE_IDENTIFIER = com.tcs.TurkizFirstApp;
				PRODUCT_NAME = "$(TARGET_NAME)";
				SWIFT_EMIT_LOC_STRINGS = YES;
				SWIFT_VERSION = 5.0;
				TARGETED_DEVICE_FAMILY = "1,2";
			};
			name = Debug;
		};
		A44DD15C27C4D7240039DC4C /* Release */ = {
			isa = XCBuildConfiguration;
			buildSettings = {
				ASSETCATALOG_COMPILER_APPICON_NAME = AppIcon;
				ASSETCATALOG_COMPILER_GLOBAL_ACCENT_COLOR_NAME = AccentColor;
				CODE_SIGN_STYLE = Automatic;
				CURRENT_PROJECT_VERSION = 1;
				GENERATE_INFOPLIST_FILE = YES;
				INFOPLIST_FILE = TurkizFirstApp/Info.plist;
				INFOPLIST_KEY_UIApplicationSupportsIndirectInputEvents = YES;
				INFOPLIST_KEY_UILaunchStoryboardName = LaunchScreen;
				INFOPLIST_KEY_UIMainStoryboardFile = Main;
				INFOPLIST_KEY_UISupportedInterfaceOrientations_iPad = "UIInterfaceOrientationPortrait UIInterfaceOrientationPortraitUpsideDown UIInterfaceOrientationLandscapeLeft UIInterfaceOrientationLandscapeRight";
				INFOPLIST_KEY_UISupportedInterfaceOrientations_iPhone = "UIInterfaceOrientationPortrait UIInterfaceOrientationLandscapeLeft UIInterfaceOrientationLandscapeRight";
				LD_RUNPATH_SEARCH_PATHS = (
					"$(inherited)",
					"@executable_path/Frameworks",
				);
				MARKETING_VERSION = 1.0;
				PRODUCT_BUNDLE_IDENTIFIER = com.tcs.TurkizFirstApp;
				PRODUCT_NAME = "$(TARGET_NAME)";
				SWIFT_EMIT_LOC_STRINGS = YES;
				SWIFT_VERSION = 5.0;
				TARGETED_DEVICE_FAMILY = "1,2";
			};
			name = Release;
		};
/* End XCBuildConfiguration section */

/* Begin XCConfigurationList section */
		A44DD14127C4D7230039DC4C /* Build configuration list for PBXProject "TurkizFirstApp" */ = {
			isa = XCConfigurationList;
			buildConfigurations = (
				A44DD15827C4D7240039DC4C /* Debug */,
				A44DD15927C4D7240039DC4C /* Release */,
			);
			defaultConfigurationIsVisible = 0;
			defaultConfigurationName = Release;
		};
		A44DD15A27C4D7240039DC4C /* Build configuration list for PBXNativeTarget "TurkizFirstApp" */ = {
			isa = XCConfigurationList;
			buildConfigurations = (
				A44DD15B27C4D7240039DC4C /* Debug */,
				A44DD15C27C4D7240039DC4C /* Release */,
			);
			defaultConfigurationIsVisible = 0;
			defaultConfigurationName = Release;
		};
/* End XCConfigurationList section */
	};
	rootObject = A44DD13E27C4D7230039DC4C /* Project object */;
}
